
Microsoft Visual Studio Solution File, Format Version 12.00
# Visual Studio Version 16
VisualStudioVersion = 16.0.31624.102
MinimumVisualStudioVersion = 10.0.40219.1
Project("{FAE04EC0-301F-11D3-BF4B-00C04F79EFBC}") = "Flappy_Fish", "Flappy_Fish\Flappy_Fish.csproj", "{008FD85B-C40F-41CC-A9B7-CB36BCEB112F}"
EndProject
Global
	GlobalSection(SolutionConfigurationPlatforms) = preSolution
		Debug|Any CPU = Debug|Any CPU
		Release|Any CPU = Release|Any CPU
	EndGlobalSection
	GlobalSection(ProjectConfigurationPlatforms) = postSolution
		{008FD85B-C40F-41CC-A9B7-CB36BCEB112F}.Debug|Any CPU.ActiveCfg = Debug|Any CPU
		{008FD85B-C40F-41CC-A9B7-CB36BCEB112F}.Debug|Any CPU.Build.0 = Debug|Any CPU
		{008FD85B-C40F-41CC-A9B7-CB36BCEB112F}.Release|Any CPU.ActiveCfg = Release|Any CPU
		{008FD85B-C40F-41CC-A9B7-CB36BCEB112F}.Release|Any CPU.Build.0 = Release|Any CPU
	EndGlobalSection
	GlobalSection(SolutionProperties) = preSolution
		HideSolutionNode = FALSE
	EndGlobalSection
	GlobalSection(ExtensibilityGlobals) = postSolution
		SolutionGuid = {B3F5AA53-6862-4B00-AAFB-61B0523DFC4D}
	EndGlobalSection
EndGlobal
